
Microsoft Visual Studio Solution File, Format Version 12.00
# Visual Studio Version 17
VisualStudioVersion = 17.5.33530.505
MinimumVisualStudioVersion = 10.0.40219.1
Project("{2150E333-8FDC-42A3-9474-1A3956D46DE8}") = "src", "src", "{E14DC5C7-7CA3-4B72-98C3-01AE7287A4C8}"
EndProject
Project("{2150E333-8FDC-42A3-9474-1A3956D46DE8}") = "Api", "Api", "{4C99422A-4747-4392-A6A9-29F2A85BE543}"
EndProject
Project("{2150E333-8FDC-42A3-9474-1A3956D46DE8}") = "Clients", "Clients", "{5BE7217A-25C2-403C-BD65-71B1BC55E3A7}"
EndProject
Project("{2150E333-8FDC-42A3-9474-1A3956D46DE8}") = "Common", "Common", "{B55D5E9D-D11D-43A8-8C5A-4A058689C5C4}"
EndProject
Project("{2150E333-8FDC-42A3-9474-1A3956D46DE8}") = "Projections", "Projections", "{89254A34-64E8-4A63-8C92-288B956F5AD9}"
EndProject
Project("{2150E333-8FDC-42A3-9474-1A3956D46DE8}") = "Core", "Core", "{1FF83FCF-4251-4A8B-90D1-5A1041C89842}"
EndProject
Project("{2150E333-8FDC-42A3-9474-1A3956D46DE8}") = "Infrastructure", "Infrastructure", "{F1D153E7-E68E-478B-8B7E-D9A080356A8E}"
EndProject
Project("{2150E333-8FDC-42A3-9474-1A3956D46DE8}") = "WebApi", "WebApi", "{15C5F060-E844-4EE1-95E0-92FC3C7C73B8}"
EndProject
Project("{2150E333-8FDC-42A3-9474-1A3956D46DE8}") = "BlazorWeb", "BlazorWeb", "{47097EA2-E74D-4EFB-A80A-AA563AB8D169}"
EndProject
Project("{9A19103F-16F7-4668-BE54-9A1E7A4F7556}") = "BlazorSozluk.Common", "src\Common\BlazorSozluk.Common\BlazorSozluk.Common.csproj", "{293F3CBA-2D34-40C6-9B25-838A0CBDB70B}"
EndProject
Project("{9A19103F-16F7-4668-BE54-9A1E7A4F7556}") = "BlazorSozluk.Api.Domain", "src\Api\Core\BlazorSozluk.Api.Domain\BlazorSozluk.Api.Domain.csproj", "{70D88F42-0ACC-4C27-9E55-867D5C7428CF}"
EndProject
Project("{9A19103F-16F7-4668-BE54-9A1E7A4F7556}") = "BlazorSozluk.Api.Application", "src\Api\Core\BlazorSozluk.Api.Application\BlazorSozluk.Api.Application.csproj", "{993432AC-5FB0-4C4E-A98F-7EF33C06E7B2}"
EndProject
Project("{9A19103F-16F7-4668-BE54-9A1E7A4F7556}") = "BlazorSozluk.Infrastructure.Persistence", "src\Api\Infrastucture\BlazorSozluk.Infrastructure.Persistence\BlazorSozluk.Infrastructure.Persistence.csproj", "{8DF7932A-3A0A-4AF9-9259-D80DAD8D1F62}"
EndProject
Project("{9A19103F-16F7-4668-BE54-9A1E7A4F7556}") = "BlazorSozluk.Api.WebApi", "src\Api\WebApi\BlazorSozluk.Api.WebApi\BlazorSozluk.Api.WebApi.csproj", "{A0500B28-92EC-4081-AEF8-040EEB82B10A}"
EndProject
Project("{9A19103F-16F7-4668-BE54-9A1E7A4F7556}") = "BlazorSozluk.Projections.FavoriteService", "src\Projections\BlazorSozluk.Projections.FavoriteService\BlazorSozluk.Projections.FavoriteService.csproj", "{C7B15C1D-A544-483F-8913-9E395B8DD9B4}"
EndProject
Project("{9A19103F-16F7-4668-BE54-9A1E7A4F7556}") = "BlazorSozluk.Projections.VoteService", "src\Projections\BlazorSozluk.Projections.VoteService\BlazorSozluk.Projections.VoteService.csproj", "{2ECAAB52-E70F-4B24-907F-C23577275E80}"
EndProject
Project("{9A19103F-16F7-4668-BE54-9A1E7A4F7556}") = "BlazorSozluk.Projections.UserService", "src\Projections\BlazorSozluk.Projections.UserService\BlazorSozluk.Projections.UserService.csproj", "{885176D6-E144-47F0-BD80-9B8517909A90}"
EndProject
Project("{9A19103F-16F7-4668-BE54-9A1E7A4F7556}") = "BlazorSozluk.WebApp", "src\Client\BlazerWeb\BlazorSozluk.WebApp\BlazorSozluk.WebApp.csproj", "{24215DE6-3E61-4BAB-9E50-9F55AA4536F2}"
EndProject
Global
	GlobalSection(SolutionConfigurationPlatforms) = preSolution
		Debug|Any CPU = Debug|Any CPU
		Release|Any CPU = Release|Any CPU
	EndGlobalSection
	GlobalSection(ProjectConfigurationPlatforms) = postSolution
		{293F3CBA-2D34-40C6-9B25-838A0CBDB70B}.Debug|Any CPU.ActiveCfg = Debug|Any CPU
		{293F3CBA-2D34-40C6-9B25-838A0CBDB70B}.Debug|Any CPU.Build.0 = Debug|Any CPU
		{293F3CBA-2D34-40C6-9B25-838A0CBDB70B}.Release|Any CPU.ActiveCfg = Release|Any CPU
		{293F3CBA-2D34-40C6-9B25-838A0CBDB70B}.Release|Any CPU.Build.0 = Release|Any CPU
		{70D88F42-0ACC-4C27-9E55-867D5C7428CF}.Debug|Any CPU.ActiveCfg = Debug|Any CPU
		{70D88F42-0ACC-4C27-9E55-867D5C7428CF}.Debug|Any CPU.Build.0 = Debug|Any CPU
		{70D88F42-0ACC-4C27-9E55-867D5C7428CF}.Release|Any CPU.ActiveCfg = Release|Any CPU
		{70D88F42-0ACC-4C27-9E55-867D5C7428CF}.Release|Any CPU.Build.0 = Release|Any CPU
		{993432AC-5FB0-4C4E-A98F-7EF33C06E7B2}.Debug|Any CPU.ActiveCfg = Debug|Any CPU
		{993432AC-5FB0-4C4E-A98F-7EF33C06E7B2}.Debug|Any CPU.Build.0 = Debug|Any CPU
		{993432AC-5FB0-4C4E-A98F-7EF33C06E7B2}.Release|Any CPU.ActiveCfg = Release|Any CPU
		{993432AC-5FB0-4C4E-A98F-7EF33C06E7B2}.Release|Any CPU.Build.0 = Release|Any CPU
		{8DF7932A-3A0A-4AF9-9259-D80DAD8D1F62}.Debug|Any CPU.ActiveCfg = Debug|Any CPU
		{8DF7932A-3A0A-4AF9-9259-D80DAD8D1F62}.Debug|Any CPU.Build.0 = Debug|Any CPU
		{8DF7932A-3A0A-4AF9-9259-D80DAD8D1F62}.Release|Any CPU.ActiveCfg = Release|Any CPU
		{8DF7932A-3A0A-4AF9-9259-D80DAD8D1F62}.Release|Any CPU.Build.0 = Release|Any CPU
		{A0500B28-92EC-4081-AEF8-040EEB82B10A}.Debug|Any CPU.ActiveCfg = Debug|Any CPU
		{A0500B28-92EC-4081-AEF8-040EEB82B10A}.Debug|Any CPU.Build.0 = Debug|Any CPU
		{A0500B28-92EC-4081-AEF8-040EEB82B10A}.Release|Any CPU.ActiveCfg = Release|Any CPU
		{A0500B28-92EC-4081-AEF8-040EEB82B10A}.Release|Any CPU.Build.0 = Release|Any CPU
		{C7B15C1D-A544-483F-8913-9E395B8DD9B4}.Debug|Any CPU.ActiveCfg = Debug|Any CPU
		{C7B15C1D-A544-483F-8913-9E395B8DD9B4}.Debug|Any CPU.Build.0 = Debug|Any CPU
		{C7B15C1D-A544-483F-8913-9E395B8DD9B4}.Release|Any CPU.ActiveCfg = Release|Any CPU
		{C7B15C1D-A544-483F-8913-9E395B8DD9B4}.Release|Any CPU.Build.0 = Release|Any CPU
		{2ECAAB52-E70F-4B24-907F-C23577275E80}.Debug|Any CPU.ActiveCfg = Debug|Any CPU
		{2ECAAB52-E70F-4B24-907F-C23577275E80}.Debug|Any CPU.Build.0 = Debug|Any CPU
		{2ECAAB52-E70F-4B24-907F-C23577275E80}.Release|Any CPU.ActiveCfg = Release|Any CPU
		{2ECAAB52-E70F-4B24-907F-C23577275E80}.Release|Any CPU.Build.0 = Release|Any CPU
		{885176D6-E144-47F0-BD80-9B8517909A90}.Debug|Any CPU.ActiveCfg = Debug|Any CPU
		{885176D6-E144-47F0-BD80-9B8517909A90}.Debug|Any CPU.Build.0 = Debug|Any CPU
		{885176D6-E144-47F0-BD80-9B8517909A90}.Release|Any CPU.ActiveCfg = Release|Any CPU
		{885176D6-E144-47F0-BD80-9B8517909A90}.Release|Any CPU.Build.0 = Release|Any CPU
		{24215DE6-3E61-4BAB-9E50-9F55AA4536F2}.Debug|Any CPU.ActiveCfg = Debug|Any CPU
		{24215DE6-3E61-4BAB-9E50-9F55AA4536F2}.Debug|Any CPU.Build.0 = Debug|Any CPU
		{24215DE6-3E61-4BAB-9E50-9F55AA4536F2}.Release|Any CPU.ActiveCfg = Release|Any CPU
		{24215DE6-3E61-4BAB-9E50-9F55AA4536F2}.Release|Any CPU.Build.0 = Release|Any CPU
	EndGlobalSection
	GlobalSection(SolutionProperties) = preSolution
		HideSolutionNode = FALSE
	EndGlobalSection
	GlobalSection(NestedProjects) = preSolution
		{4C99422A-4747-4392-A6A9-29F2A85BE543} = {E14DC5C7-7CA3-4B72-98C3-01AE7287A4C8}
		{5BE7217A-25C2-403C-BD65-71B1BC55E3A7} = {E14DC5C7-7CA3-4B72-98C3-01AE7287A4C8}
		{B55D5E9D-D11D-43A8-8C5A-4A058689C5C4} = {E14DC5C7-7CA3-4B72-98C3-01AE7287A4C8}
		{89254A34-64E8-4A63-8C92-288B956F5AD9} = {E14DC5C7-7CA3-4B72-98C3-01AE7287A4C8}
		{1FF83FCF-4251-4A8B-90D1-5A1041C89842} = {4C99422A-4747-4392-A6A9-29F2A85BE543}
		{F1D153E7-E68E-478B-8B7E-D9A080356A8E} = {4C99422A-4747-4392-A6A9-29F2A85BE543}
		{15C5F060-E844-4EE1-95E0-92FC3C7C73B8} = {4C99422A-4747-4392-A6A9-29F2A85BE543}
		{47097EA2-E74D-4EFB-A80A-AA563AB8D169} = {5BE7217A-25C2-403C-BD65-71B1BC55E3A7}
		{293F3CBA-2D34-40C6-9B25-838A0CBDB70B} = {B55D5E9D-D11D-43A8-8C5A-4A058689C5C4}
		{70D88F42-0ACC-4C27-9E55-867D5C7428CF} = {1FF83FCF-4251-4A8B-90D1-5A1041C89842}
		{993432AC-5FB0-4C4E-A98F-7EF33C06E7B2} = {1FF83FCF-4251-4A8B-90D1-5A1041C89842}
		{8DF7932A-3A0A-4AF9-9259-D80DAD8D1F62} = {F1D153E7-E68E-478B-8B7E-D9A080356A8E}
		{A0500B28-92EC-4081-AEF8-040EEB82B10A} = {15C5F060-E844-4EE1-95E0-92FC3C7C73B8}
		{C7B15C1D-A544-483F-8913-9E395B8DD9B4} = {89254A34-64E8-4A63-8C92-288B956F5AD9}
		{2ECAAB52-E70F-4B24-907F-C23577275E80} = {89254A34-64E8-4A63-8C92-288B956F5AD9}
		{885176D6-E144-47F0-BD80-9B8517909A90} = {89254A34-64E8-4A63-8C92-288B956F5AD9}
		{24215DE6-3E61-4BAB-9E50-9F55AA4536F2} = {47097EA2-E74D-4EFB-A80A-AA563AB8D169}
	EndGlobalSection
	GlobalSection(ExtensibilityGlobals) = postSolution
		SolutionGuid = {75623304-12E0-4761-B7D6-FB407EB20771}
	EndGlobalSection
EndGlobal
